
Microsoft Visual Studio Solution File, Format Version 12.00
# Visual Studio Version 17
VisualStudioVersion = 17.11.35327.3
MinimumVisualStudioVersion = 10.0.40219.1
Project("{FAE04EC0-301F-11D3-BF4B-00C04F79EFBC}") = "acentenoRepaso", "acentenoRepaso.csproj", "{1D490E35-070E-4757-A6F1-786606237F90}"
EndProject
Global
	GlobalSection(SolutionConfigurationPlatforms) = preSolution
		Debug|Any CPU = Debug|Any CPU
		Release|Any CPU = Release|Any CPU
	EndGlobalSection
	GlobalSection(ProjectConfigurationPlatforms) = postSolution
		{1D490E35-070E-4757-A6F1-786606237F90}.Debug|Any CPU.ActiveCfg = Debug|Any CPU
		{1D490E35-070E-4757-A6F1-786606237F90}.Debug|Any CPU.Build.0 = Debug|Any CPU
		{1D490E35-070E-4757-A6F1-786606237F90}.Debug|Any CPU.Deploy.0 = Debug|Any CPU
		{1D490E35-070E-4757-A6F1-786606237F90}.Release|Any CPU.ActiveCfg = Release|Any CPU
		{1D490E35-070E-4757-A6F1-786606237F90}.Release|Any CPU.Build.0 = Release|Any CPU
		{1D490E35-070E-4757-A6F1-786606237F90}.Release|Any CPU.Deploy.0 = Release|Any CPU
	EndGlobalSection
	GlobalSection(SolutionProperties) = preSolution
		HideSolutionNode = FALSE
	EndGlobalSection
	GlobalSection(ExtensibilityGlobals) = postSolution
		SolutionGuid = {4F8528EA-A813-4093-BD4C-30A1062D4877}
	EndGlobalSection
EndGlobal
